{
  "requires": true,
  "lockfileVersion": 1,
  "dependencies": {
    "shell.js": {
      "version": "3.3.1",
      "resolved": "https://registry.npmjs.org/shell.js/-/shell.js-3.3.1.tgz",
      "integrity": "sha512-DODZmxzgy2y1PMTTGZod88Rta/hmWbebVLE0Errbd7A93u1N6rMzxmIH35gGFPTyXtam75c7pt+UAeXPq3gKlQ=="
    }
  }
}
